dependencies:
  fs-extra: 9.0.1
  gh-pages: 3.1.0
  prettier: 2.2.1
  yaml: 1.10.0
lockfileVersion: 5.2
packages:
  /array-union/1.0.2:
    dependencies:
      array-uniq: 1.0.3
    dev: false
    engines:
      node: '>=0.10.0'
    resolution:
      integrity: sha1-mjRBDk9OPaI96jdb5b5w8kd47Dk=
  /array-uniq/1.0.3:
    dev: false
    engines:
      node: '>=0.10.0'
    resolution:
      integrity: sha1-r2rId6Jcx/dOBYiUdThY39sk/bY=
  /async/2.6.3:
    dependencies:
      lodash: 4.17.20
    dev: false
    resolution:
      integrity: sha512-zflvls11DCy+dQWzTW2dzuilv8Z5X/pjfmZOWba6TNIVDm+2UDaJmXSOXlasHKfNBs8oo3M0aT50fDEWfKZjXg==
  /at-least-node/1.0.0:
    dev: false
    engines:
      node: '>= 4.0.0'
    resolution:
      integrity: sha512-+q/t7Ekv1EDY2l6Gda6LLiX14rU9TV20Wa3ofeQmwPFZbOMo9DXrLbOjFaaclkXKWidIaopwAObQDqwWtGUjqg==
  /balanced-match/1.0.0:
    dev: false
    resolution:
      integrity: sha1-ibTRmasr7kneFk6gK4nORi1xt2c=
  /brace-expansion/1.1.11:
    dependencies:
      balanced-match: 1.0.0
      concat-map: 0.0.1
    dev: false
    resolution:
      integrity: sha512-iCuPHDFgrHX7H2vEI/5xpz07zSHB00TpugqhmYtVmMO6518mCuRMoOYFldEBl0g187ufozdaHgWKcYFb61qGiA==
  /commander/2.20.3:
    dev: false
    resolution:
      integrity: sha512-GpVkmM8vF2vQUkj2LvZmD35JxeJOLCwJ9cUkugyk2nuhbv3+mJvpLYYt+0+USMxE+oj+ey/lJEnhZw75x/OMcQ==
  /commondir/1.0.1:
    dev: false
    resolution:
      integrity: sha1-3dgA2gxmEnOTzKWVDqloo6rxJTs=
  /concat-map/0.0.1:
    dev: false
    resolution:
      integrity: sha1-2Klr13/Wjfd5OnMDajug1UBdR3s=
  /email-addresses/3.1.0:
    dev: false
    resolution:
      integrity: sha512-k0/r7GrWVL32kZlGwfPNgB2Y/mMXVTq/decgLczm/j34whdaspNrZO8CnXPf1laaHxI6ptUlsnAxN+UAPw+fzg==
  /escape-string-regexp/1.0.5:
    dev: false
    engines:
      node: '>=0.8.0'
    resolution:
      integrity: sha1-G2HAViGQqN/2rjuyzwIAyhMLhtQ=
  /filename-reserved-regex/1.0.0:
    dev: false
    engines:
      node: '>=0.10.0'
    resolution:
      integrity: sha1-5hz4BfDeHJhFZ9A4bcXfUO5a9+Q=
  /filenamify-url/1.0.0:
    dependencies:
      filenamify: 1.2.1
      humanize-url: 1.0.1
    dev: false
    engines:
      node: '>=0.10.0'
    resolution:
      integrity: sha1-syvYExnvWGO3MHi+1Q9GpPeXX1A=
  /filenamify/1.2.1:
    dependencies:
      filename-reserved-regex: 1.0.0
      strip-outer: 1.0.1
      trim-repeated: 1.0.0
    dev: false
    engines:
      node: '>=0.10.0'
    resolution:
      integrity: sha1-qfL/0RxQO+0wABUCknI3jx8TZaU=
  /find-cache-dir/3.3.1:
    dependencies:
      commondir: 1.0.1
      make-dir: 3.1.0
      pkg-dir: 4.2.0
    dev: false
    engines:
      node: '>=8'
    resolution:
      integrity: sha512-t2GDMt3oGC/v+BMwzmllWDuJF/xcDtE5j/fCGbqDD7OLuJkj0cfh1YSA5VKPvwMeLFLNDBkwOKZ2X85jGLVftQ==
  /find-up/4.1.0:
    dependencies:
      locate-path: 5.0.0
      path-exists: 4.0.0
    dev: false
    engines:
      node: '>=8'
    resolution:
      integrity: sha512-PpOwAdQ/YlXQ2vj8a3h8IipDuYRi3wceVQQGYWxNINccq40Anw7BlsEXCMbt1Zt+OLA6Fq9suIpIWD0OsnISlw==
  /fs-extra/8.1.0:
    dependencies:
      graceful-fs: 4.2.4
      jsonfile: 4.0.0
      universalify: 0.1.2
    dev: false
    engines:
      node: '>=6 <7 || >=8'
    resolution:
      integrity: sha512-yhlQgA6mnOJUKOsRUFsgJdQCvkKhcz8tlZG5HBQfReYZy46OwLcY+Zia0mtdHsOo9y/hP+CxMN0TU9QxoOtG4g==
  /fs-extra/9.0.1:
    dependencies:
      at-least-node: 1.0.0
      graceful-fs: 4.2.4
      jsonfile: 6.1.0
      universalify: 1.0.0
    dev: false
    engines:
      node: '>=10'
    resolution:
      integrity: sha512-h2iAoN838FqAFJY2/qVpzFXy+EBxfVE220PalAqQLDVsFOHLJrZvut5puAbCdNv6WJk+B8ihI+k0c7JK5erwqQ==
  /fs.realpath/1.0.0:
    dev: false
    resolution:
      integrity: sha1-FQStJSMVjKpA20onh8sBQRmU6k8=
  /gh-pages/3.1.0:
    dependencies:
      async: 2.6.3
      commander: 2.20.3
      email-addresses: 3.1.0
      filenamify-url: 1.0.0
      find-cache-dir: 3.3.1
      fs-extra: 8.1.0
      globby: 6.1.0
    dev: false
    engines:
      node: '>=10'
    hasBin: true
    resolution:
      integrity: sha512-3b1rly9kuf3/dXsT8+ZxP0UhNLOo1CItj+3e31yUVcaph/yDsJ9RzD7JOw5o5zpBTJVQLlJAASNkUfepi9fe2w==
  /glob/7.1.6:
    dependencies:
      fs.realpath: 1.0.0
      inflight: 1.0.6
      inherits: 2.0.4
      minimatch: 3.0.4
      once: 1.4.0
      path-is-absolute: 1.0.1
    dev: false
    resolution:
      integrity: sha512-LwaxwyZ72Lk7vZINtNNrywX0ZuLyStrdDtabefZKAY5ZGJhVtgdznluResxNmPitE0SAO+O26sWTHeKSI2wMBA==
  /globby/6.1.0:
    dependencies:
      array-union: 1.0.2
      glob: 7.1.6
      object-assign: 4.1.1
      pify: 2.3.0
      pinkie-promise: 2.0.1
    dev: false
    engines:
      node: '>=0.10.0'
    resolution:
      integrity: sha1-9abXDoOV4hyFj7BInWTfAkJNUGw=
  /graceful-fs/4.2.4:
    dev: false
    resolution:
      integrity: sha512-WjKPNJF79dtJAVniUlGGWHYGz2jWxT6VhN/4m1NdkbZ2nOsEF+cI1Edgql5zCRhs/VsQYRvrXctxktVXZUkixw==
  /humanize-url/1.0.1:
    dependencies:
      normalize-url: 1.9.1
      strip-url-auth: 1.0.1
    dev: false
    engines:
      node: '>=0.10.0'
    resolution:
      integrity: sha1-9KuZ4NKIF0yk4eUEB8VfuuRk7/8=
  /inflight/1.0.6:
    dependencies:
      once: 1.4.0
      wrappy: 1.0.2
    dev: false
    resolution:
      integrity: sha1-Sb1jMdfQLQwJvJEKEHW6gWW1bfk=
  /inherits/2.0.4:
    dev: false
    resolution:
      integrity: sha512-k/vGaX4/Yla3WzyMCvTQOXYeIHvqOKtnqBduzTHpzpQZzAskKMhZ2K+EnBiSM9zGSoIFeMpXKxa4dYeZIQqewQ==
  /is-plain-obj/1.1.0:
    dev: false
    engines:
      node: '>=0.10.0'
    resolution:
      integrity: sha1-caUMhCnfync8kqOQpKA7OfzVHT4=
  /jsonfile/4.0.0:
    dev: false
    optionalDependencies:
      graceful-fs: 4.2.4
    resolution:
      integrity: sha1-h3Gq4HmbZAdrdmQPygWPnBDjPss=
  /jsonfile/6.1.0:
    dependencies:
      universalify: 2.0.0
    dev: false
    optionalDependencies:
      graceful-fs: 4.2.4
    resolution:
      integrity: sha512-5dgndWOriYSm5cnYaJNhalLNDKOqFwyDB/rr1E9ZsGciGvKPs8R2xYGCacuf3z6K1YKDz182fd+fY3cn3pMqXQ==
  /locate-path/5.0.0:
    dependencies:
      p-locate: 4.1.0
    dev: false
    engines:
      node: '>=8'
    resolution:
      integrity: sha512-t7hw9pI+WvuwNJXwk5zVHpyhIqzg2qTlklJOf0mVxGSbe3Fp2VieZcduNYjaLDoy6p9uGpQEGWG87WpMKlNq8g==
  /lodash/4.17.20:
    dev: false
    resolution:
      integrity: sha512-PlhdFcillOINfeV7Ni6oF1TAEayyZBoZ8bcshTHqOYJYlrqzRK5hagpagky5o4HfCzzd1TRkXPMFq6cKk9rGmA==
  /make-dir/3.1.0:
    dependencies:
      semver: 6.3.0
    dev: false
    engines:
      node: '>=8'
    resolution:
      integrity: sha512-g3FeP20LNwhALb/6Cz6Dd4F2ngze0jz7tbzrD2wAV+o9FeNHe4rL+yK2md0J/fiSf1sa1ADhXqi5+oVwOM/eGw==
  /minimatch/3.0.4:
    dependencies:
      brace-expansion: 1.1.11
    dev: false
    resolution:
      integrity: sha512-yJHVQEhyqPLUTgt9B83PXu6W3rx4MvvHvSUvToogpwoGDOUQ+yDrR0HRot+yOCdCO7u4hX3pWft6kWBBcqh0UA==
  /normalize-url/1.9.1:
    dependencies:
      object-assign: 4.1.1
      prepend-http: 1.0.4
      query-string: 4.3.4
      sort-keys: 1.1.2
    dev: false
    engines:
      node: '>=4'
    resolution:
      integrity: sha1-LMDWazHqIwNkWENuNiDYWVTGbDw=
  /object-assign/4.1.1:
    dev: false
    engines:
      node: '>=0.10.0'
    resolution:
      integrity: sha1-IQmtx5ZYh8/AXLvUQsrIv7s2CGM=
  /once/1.4.0:
    dependencies:
      wrappy: 1.0.2
    dev: false
    resolution:
      integrity: sha1-WDsap3WWHUsROsF9nFC6753Xa9E=
  /p-limit/2.3.0:
    dependencies:
      p-try: 2.2.0
    dev: false
    engines:
      node: '>=6'
    resolution:
      integrity: sha512-//88mFWSJx8lxCzwdAABTJL2MyWB12+eIY7MDL2SqLmAkeKU9qxRvWuSyTjm3FUmpBEMuFfckAIqEaVGUDxb6w==
  /p-locate/4.1.0:
    dependencies:
      p-limit: 2.3.0
    dev: false
    engines:
      node: '>=8'
    resolution:
      integrity: sha512-R79ZZ/0wAxKGu3oYMlz8jy/kbhsNrS7SKZ7PxEHBgJ5+F2mtFW2fK2cOtBh1cHYkQsbzFV7I+EoRKe6Yt0oK7A==
  /p-try/2.2.0:
    dev: false
    engines:
      node: '>=6'
    resolution:
      integrity: sha512-R4nPAVTAU0B9D35/Gk3uJf/7XYbQcyohSKdvAxIRSNghFl4e71hVoGnBNQz9cWaXxO2I10KTC+3jMdvvoKw6dQ==
  /path-exists/4.0.0:
    dev: false
    engines:
      node: '>=8'
    resolution:
      integrity: sha512-ak9Qy5Q7jYb2Wwcey5Fpvg2KoAc/ZIhLSLOSBmRmygPsGwkVVt0fZa0qrtMz+m6tJTAHfZQ8FnmB4MG4LWy7/w==
  /path-is-absolute/1.0.1:
    dev: false
    engines:
      node: '>=0.10.0'
    resolution:
      integrity: sha1-F0uSaHNVNP+8es5r9TpanhtcX18=
  /pify/2.3.0:
    dev: false
    engines:
      node: '>=0.10.0'
    resolution:
      integrity: sha1-7RQaasBDqEnqWISY59yosVMw6Qw=
  /pinkie-promise/2.0.1:
    dependencies:
      pinkie: 2.0.4
    dev: false
    engines:
      node: '>=0.10.0'
    resolution:
      integrity: sha1-ITXW36ejWMBprJsXh3YogihFD/o=
  /pinkie/2.0.4:
    dev: false
    engines:
      node: '>=0.10.0'
    resolution:
      integrity: sha1-clVrgM+g1IqXToDnckjoDtT3+HA=
  /pkg-dir/4.2.0:
    dependencies:
      find-up: 4.1.0
    dev: false
    engines:
      node: '>=8'
    resolution:
      integrity: sha512-HRDzbaKjC+AOWVXxAU/x54COGeIv9eb+6CkDSQoNTt4XyWoIJvuPsXizxu/Fr23EiekbtZwmh1IcIG/l/a10GQ==
  /prepend-http/1.0.4:
    dev: false
    engines:
      node: '>=0.10.0'
    resolution:
      integrity: sha1-1PRWKwzjaW5BrFLQ4ALlemNdxtw=
  /prettier/2.2.1:
    dev: false
    engines:
      node: '>=10.13.0'
    hasBin: true
    resolution:
      integrity: sha512-PqyhM2yCjg/oKkFPtTGUojv7gnZAoG80ttl45O6x2Ug/rMJw4wcc9k6aaf2hibP7BGVCCM33gZoGjyvt9mm16Q==
  /query-string/4.3.4:
    dependencies:
      object-assign: 4.1.1
      strict-uri-encode: 1.1.0
    dev: false
    engines:
      node: '>=0.10.0'
    resolution:
      integrity: sha1-u7aTucqRXCMlFbIosaArYJBD2+s=
  /semver/6.3.0:
    dev: false
    hasBin: true
    resolution:
      integrity: sha512-b39TBaTSfV6yBrapU89p5fKekE2m/NwnDocOVruQFS1/veMgdzuPcnOM34M6CwxW8jH/lxEa5rBoDeUwu5HHTw==
  /sort-keys/1.1.2:
    dependencies:
      is-plain-obj: 1.1.0
    dev: false
    engines:
      node: '>=0.10.0'
    resolution:
      integrity: sha1-RBttTTRnmPG05J6JIK37oOVD+a0=
  /strict-uri-encode/1.1.0:
    dev: false
    engines:
      node: '>=0.10.0'
    resolution:
      integrity: sha1-J5siXfHVgrH1TmWt3UNS4Y+qBxM=
  /strip-outer/1.0.1:
    dependencies:
      escape-string-regexp: 1.0.5
    dev: false
    engines:
      node: '>=0.10.0'
    resolution:
      integrity: sha512-k55yxKHwaXnpYGsOzg4Vl8+tDrWylxDEpknGjhTiZB8dFRU5rTo9CAzeycivxV3s+zlTKwrs6WxMxR95n26kwg==
  /strip-url-auth/1.0.1:
    dev: false
    engines:
      node: '>=0.10.0'
    resolution:
      integrity: sha1-IrD6OkE4WzO+PzMVUbu4N/oM164=
  /trim-repeated/1.0.0:
    dependencies:
      escape-string-regexp: 1.0.5
    dev: false
    engines:
      node: '>=0.10.0'
    resolution:
      integrity: sha1-42RqLqTokTEr9+rObPsFOAvAHCE=
  /universalify/0.1.2:
    dev: false
    engines:
      node: '>= 4.0.0'
    resolution:
      integrity: sha512-rBJeI5CXAlmy1pV+617WB9J63U6XcazHHF2f2dbJix4XzpUF0RS3Zbj0FGIOCAva5P/d/GBOYaACQ1w+0azUkg==
  /universalify/1.0.0:
    dev: false
    engines:
      node: '>= 10.0.0'
    resolution:
      integrity: sha512-rb6X1W158d7pRQBg5gkR8uPaSfiids68LTJQYOtEUhoJUWBdaQHsuT/EUduxXYxcrt4r5PJ4fuHW1MHT6p0qug==
  /universalify/2.0.0:
    dev: false
    engines:
      node: '>= 10.0.0'
    resolution:
      integrity: sha512-hAZsKq7Yy11Zu1DE0OzWjw7nnLZmJZYTDZZyEFHZdUhV8FkH5MCfoU1XMaxXovpyW5nq5scPqq0ZDP9Zyl04oQ==
  /wrappy/1.0.2:
    dev: false
    resolution:
      integrity: sha1-tSQ9jz7BqjXxNkYFvA0QNuMKtp8=
  /yaml/1.10.0:
    dev: false
    engines:
      node: '>= 6'
    resolution:
      integrity: sha512-yr2icI4glYaNG+KWONODapy2/jDdMSDnrONSjblABjD9B4Z5LgiircSt8m8sRZFNi08kG9Sm0uSHtEmP3zaEGg==
specifiers:
  fs-extra: ^9.0.1
  gh-pages: ^3.1.0
  prettier: ^2.0.5
  yaml: ^1.10.0
